
Microsoft Visual Studio Solution File, Format Version 12.00
# Visual Studio Version 16
VisualStudioVersion = 16.0.29503.13
MinimumVisualStudioVersion = 10.0.40219.1
Project("{FAE04EC0-301F-11D3-BF4B-00C04F79EFBC}") = "CoreWithDapper", "CoreWithDapper\CoreWithDapper.csproj", "{D071D6B9-DAA9-4A94-8AB1-D3BBF3ECDBC8}"
EndProject
Global
	GlobalSection(SolutionConfigurationPlatforms) = preSolution
		Debug|Any CPU = Debug|Any CPU
		Release|Any CPU = Release|Any CPU
	EndGlobalSection
	GlobalSection(ProjectConfigurationPlatforms) = postSolution
		{D071D6B9-DAA9-4A94-8AB1-D3BBF3ECDBC8}.Debug|Any CPU.ActiveCfg = Debug|Any CPU
		{D071D6B9-DAA9-4A94-8AB1-D3BBF3ECDBC8}.Debug|Any CPU.Build.0 = Debug|Any CPU
		{D071D6B9-DAA9-4A94-8AB1-D3BBF3ECDBC8}.Release|Any CPU.ActiveCfg = Release|Any CPU
		{D071D6B9-DAA9-4A94-8AB1-D3BBF3ECDBC8}.Release|Any CPU.Build.0 = Release|Any CPU
	EndGlobalSection
	GlobalSection(SolutionProperties) = preSolution
		HideSolutionNode = FALSE
	EndGlobalSection
	GlobalSection(ExtensibilityGlobals) = postSolution
		SolutionGuid = {2E4A1B16-F8B9-4A63-8F21-6DCA51AE9C12}
	EndGlobalSection
EndGlobal
